
Microsoft Visual Studio Solution File, Format Version 12.00
# Visual Studio Version 17
VisualStudioVersion = 17.2.32519.379
MinimumVisualStudioVersion = 10.0.40219.1
Project("{FAE04EC0-301F-11D3-BF4B-00C04F79EFBC}") = "ForDongusu", "ForDongusu\ForDongusu.csproj", "{6D388309-5CC8-460D-BE7D-DA70FEBC2224}"
EndProject
Global
	GlobalSection(SolutionConfigurationPlatforms) = preSolution
		Debug|Any CPU = Debug|Any CPU
		Release|Any CPU = Release|Any CPU
	EndGlobalSection
	GlobalSection(ProjectConfigurationPlatforms) = postSolution
		{6D388309-5CC8-460D-BE7D-DA70FEBC2224}.Debug|Any CPU.ActiveCfg = Debug|Any CPU
		{6D388309-5CC8-460D-BE7D-DA70FEBC2224}.Debug|Any CPU.Build.0 = Debug|Any CPU
		{6D388309-5CC8-460D-BE7D-DA70FEBC2224}.Release|Any CPU.ActiveCfg = Release|Any CPU
		{6D388309-5CC8-460D-BE7D-DA70FEBC2224}.Release|Any CPU.Build.0 = Release|Any CPU
	EndGlobalSection
	GlobalSection(SolutionProperties) = preSolution
		HideSolutionNode = FALSE
	EndGlobalSection
	GlobalSection(ExtensibilityGlobals) = postSolution
		SolutionGuid = {5805021F-39DC-41C7-AC31-C7C42A62ED39}
	EndGlobalSection
EndGlobal
